
Microsoft Visual Studio Solution File, Format Version 12.00
Project("{FAE04EC0-301F-11D3-BF4B-00C04F79EFBC}") = "SportPourTous.Application", "SportPourTous.Application\SportPourTous.Application.csproj", "{179CE3A5-A621-4BC2-A8FF-79E30EF8A275}"
EndProject
Project("{FAE04EC0-301F-11D3-BF4B-00C04F79EFBC}") = "SportPourTous.Domain", "SportPourTous.Domain\SportPourTous.Domain.csproj", "{C03AA9C6-B360-415F-A676-23D16541675C}"
EndProject
Project("{FAE04EC0-301F-11D3-BF4B-00C04F79EFBC}") = "SportPourTous.Infratstructure", "SportPourTous.Infratstructure\SportPourTous.Infratstructure.csproj", "{0156282E-C640-4219-BDC3-AD51CD231D05}"
EndProject
Project("{FAE04EC0-301F-11D3-BF4B-00C04F79EFBC}") = "SportPourTous.Web", "SportPourTous.Web\SportPourTous.Web.csproj", "{A2F1545D-83E3-4FD1-BEDC-82BE6AD90FBC}"
EndProject
Global
	GlobalSection(SolutionConfigurationPlatforms) = preSolution
		Debug|Any CPU = Debug|Any CPU
		Release|Any CPU = Release|Any CPU
	EndGlobalSection
	GlobalSection(ProjectConfigurationPlatforms) = postSolution
		{179CE3A5-A621-4BC2-A8FF-79E30EF8A275}.Debug|Any CPU.ActiveCfg = Debug|Any CPU
		{179CE3A5-A621-4BC2-A8FF-79E30EF8A275}.Debug|Any CPU.Build.0 = Debug|Any CPU
		{179CE3A5-A621-4BC2-A8FF-79E30EF8A275}.Release|Any CPU.ActiveCfg = Release|Any CPU
		{179CE3A5-A621-4BC2-A8FF-79E30EF8A275}.Release|Any CPU.Build.0 = Release|Any CPU
		{C03AA9C6-B360-415F-A676-23D16541675C}.Debug|Any CPU.ActiveCfg = Debug|Any CPU
		{C03AA9C6-B360-415F-A676-23D16541675C}.Debug|Any CPU.Build.0 = Debug|Any CPU
		{C03AA9C6-B360-415F-A676-23D16541675C}.Release|Any CPU.ActiveCfg = Release|Any CPU
		{C03AA9C6-B360-415F-A676-23D16541675C}.Release|Any CPU.Build.0 = Release|Any CPU
		{0156282E-C640-4219-BDC3-AD51CD231D05}.Debug|Any CPU.ActiveCfg = Debug|Any CPU
		{0156282E-C640-4219-BDC3-AD51CD231D05}.Debug|Any CPU.Build.0 = Debug|Any CPU
		{0156282E-C640-4219-BDC3-AD51CD231D05}.Release|Any CPU.ActiveCfg = Release|Any CPU
		{0156282E-C640-4219-BDC3-AD51CD231D05}.Release|Any CPU.Build.0 = Release|Any CPU
		{A2F1545D-83E3-4FD1-BEDC-82BE6AD90FBC}.Debug|Any CPU.ActiveCfg = Debug|Any CPU
		{A2F1545D-83E3-4FD1-BEDC-82BE6AD90FBC}.Debug|Any CPU.Build.0 = Debug|Any CPU
		{A2F1545D-83E3-4FD1-BEDC-82BE6AD90FBC}.Release|Any CPU.ActiveCfg = Release|Any CPU
		{A2F1545D-83E3-4FD1-BEDC-82BE6AD90FBC}.Release|Any CPU.Build.0 = Release|Any CPU
	EndGlobalSection
EndGlobal
